// !$*UTF8*$!
{
	archiveVersion = 1;
	classes = {
	};
	objectVersion = 46;
	objects = {

/* Begin PBXGroup section */
		80706C671E230F3D000EB6E5 = {
			isa = PBXGroup;
			children = (
			);
			sourceTree = "<group>";
		};
/* End PBXGroup section */

/* Begin PBXProject section */
		80706C681E230F3D000EB6E5 /* Project object */ = {
			isa = PBXProject;
			attributes = {
				LastUpgradeCheck = 0800;
			};
			buildConfigurationList = 80706C6B1E230F3D000EB6E5 /* Build configuration list for PBXProject "My Little Engine" */;
			compatibilityVersion = "Xcode 3.2";
			developmentRegion = English;
			hasScannedForEncodings = 0;
			knownRegions = (
				en,
			);
			mainGroup = 80706C671E230F3D000EB6E5;
			projectDirPath = "";
			projectRoot = "";
			targets = (
			);
		};
/* End PBXProject section */

/* Begin XCBuildConfiguration section */
		80706C6C1E230F3D000EB6E5 /* Debug */ = {
			isa = XCBuildConfiguration;
			buildSettings = {
			};
			name = Debug;
		};
		80706C6D1E230F3D000EB6E5 /* Release */ = {
			isa = XCBuildConfiguration;
			buildSettings = {
			};
			name = Release;
		};
/* End XCBuildConfiguration section */

/* Begin XCConfigurationList section */
		80706C6B1E230F3D000EB6E5 /* Build configuration list for PBXProject "My Little Engine" */ = {
			isa = XCConfigurationList;
			buildConfigurations = (
				80706C6C1E230F3D000EB6E5 /* Debug */,
				80706C6D1E230F3D000EB6E5 /* Release */,
			);
			defaultConfigurationIsVisible = 0;
			defaultConfigurationName = Release;
		};
/* End XCConfigurationList section */
	};
	rootObject = 80706C681E230F3D000EB6E5 /* Project object */;
}
